
Microsoft Visual Studio Solution File, Format Version 12.00
# Visual Studio Version 17
VisualStudioVersion = 17.11.35431.28
MinimumVisualStudioVersion = 10.0.40219.1
Project("{FAE04EC0-301F-11D3-BF4B-00C04F79EFBC}") = "EX01", "EX01\EX01.csproj", "{B07F9AA8-CCED-4224-ABD3-8E4B0E07B0BD}"
EndProject
Project("{FAE04EC0-301F-11D3-BF4B-00C04F79EFBC}") = "EX02", "EX02\EX02.csproj", "{C48EBCB2-7EC3-4FEC-8542-34415A03FC11}"
EndProject
Global
	GlobalSection(SolutionConfigurationPlatforms) = preSolution
		Debug|Any CPU = Debug|Any CPU
		Release|Any CPU = Release|Any CPU
	EndGlobalSection
	GlobalSection(ProjectConfigurationPlatforms) = postSolution
		{B07F9AA8-CCED-4224-ABD3-8E4B0E07B0BD}.Debug|Any CPU.ActiveCfg = Debug|Any CPU
		{B07F9AA8-CCED-4224-ABD3-8E4B0E07B0BD}.Debug|Any CPU.Build.0 = Debug|Any CPU
		{B07F9AA8-CCED-4224-ABD3-8E4B0E07B0BD}.Release|Any CPU.ActiveCfg = Release|Any CPU
		{B07F9AA8-CCED-4224-ABD3-8E4B0E07B0BD}.Release|Any CPU.Build.0 = Release|Any CPU
		{C48EBCB2-7EC3-4FEC-8542-34415A03FC11}.Debug|Any CPU.ActiveCfg = Debug|Any CPU
		{C48EBCB2-7EC3-4FEC-8542-34415A03FC11}.Debug|Any CPU.Build.0 = Debug|Any CPU
		{C48EBCB2-7EC3-4FEC-8542-34415A03FC11}.Release|Any CPU.ActiveCfg = Release|Any CPU
		{C48EBCB2-7EC3-4FEC-8542-34415A03FC11}.Release|Any CPU.Build.0 = Release|Any CPU
	EndGlobalSection
	GlobalSection(SolutionProperties) = preSolution
		HideSolutionNode = FALSE
	EndGlobalSection
	GlobalSection(ExtensibilityGlobals) = postSolution
		SolutionGuid = {6F6F5429-6983-4644-AE11-4C4F22D47A58}
	EndGlobalSection
EndGlobal
